
Microsoft Visual Studio Solution File, Format Version 12.00
# Visual Studio Version 16
VisualStudioVersion = 16.0.29728.190
MinimumVisualStudioVersion = 10.0.40219.1
Project("{FAE04EC0-301F-11D3-BF4B-00C04F79EFBC}") = "TALPremiumInsurance", "TALPremiumInsurance.csproj", "{83CAD89E-9C57-4EC6-9DFE-E21A4CDE7885}"
EndProject
Project("{9A19103F-16F7-4668-BE54-9A1E7A4F7556}") = "TALPremiumInsurance.BusinessLogic", "TALPremiumInsurance.BusinessLogic\TALPremiumInsurance.BusinessLogic.csproj", "{DE58AAB9-9C7D-42B9-8B47-D41D1A69153D}"
EndProject
Project("{FAE04EC0-301F-11D3-BF4B-00C04F79EFBC}") = "TALPremiumInsurance.Repository", "TALPremiumInsurance.Repository\TALPremiumInsurance.Repository.csproj", "{DEC81889-8D26-4BB8-B5E6-2FA1AF012FC1}"
EndProject
Project("{FAE04EC0-301F-11D3-BF4B-00C04F79EFBC}") = "TALInsurance", "..\TALInsurance\TALInsurance.csproj", "{FBD38BF0-FFA3-4822-86AC-EADF2EDE9AB4}"
EndProject
Project("{FAE04EC0-301F-11D3-BF4B-00C04F79EFBC}") = "TALPremiumInsurance.UnitTests", "..\TALPremiumInsurance.UnitTests\TALPremiumInsurance.UnitTests.csproj", "{3C75228A-C2B3-41CA-91FE-685EEB9718EA}"
EndProject
Global
	GlobalSection(SolutionConfigurationPlatforms) = preSolution
		Debug|Any CPU = Debug|Any CPU
		Release|Any CPU = Release|Any CPU
	EndGlobalSection
	GlobalSection(ProjectConfigurationPlatforms) = postSolution
		{83CAD89E-9C57-4EC6-9DFE-E21A4CDE7885}.Debug|Any CPU.ActiveCfg = Debug|Any CPU
		{83CAD89E-9C57-4EC6-9DFE-E21A4CDE7885}.Debug|Any CPU.Build.0 = Debug|Any CPU
		{83CAD89E-9C57-4EC6-9DFE-E21A4CDE7885}.Release|Any CPU.ActiveCfg = Release|Any CPU
		{83CAD89E-9C57-4EC6-9DFE-E21A4CDE7885}.Release|Any CPU.Build.0 = Release|Any CPU
		{DE58AAB9-9C7D-42B9-8B47-D41D1A69153D}.Debug|Any CPU.ActiveCfg = Debug|Any CPU
		{DE58AAB9-9C7D-42B9-8B47-D41D1A69153D}.Debug|Any CPU.Build.0 = Debug|Any CPU
		{DE58AAB9-9C7D-42B9-8B47-D41D1A69153D}.Release|Any CPU.ActiveCfg = Release|Any CPU
		{DE58AAB9-9C7D-42B9-8B47-D41D1A69153D}.Release|Any CPU.Build.0 = Release|Any CPU
		{DEC81889-8D26-4BB8-B5E6-2FA1AF012FC1}.Debug|Any CPU.ActiveCfg = Debug|Any CPU
		{DEC81889-8D26-4BB8-B5E6-2FA1AF012FC1}.Debug|Any CPU.Build.0 = Debug|Any CPU
		{DEC81889-8D26-4BB8-B5E6-2FA1AF012FC1}.Release|Any CPU.ActiveCfg = Release|Any CPU
		{DEC81889-8D26-4BB8-B5E6-2FA1AF012FC1}.Release|Any CPU.Build.0 = Release|Any CPU
		{FBD38BF0-FFA3-4822-86AC-EADF2EDE9AB4}.Debug|Any CPU.ActiveCfg = Debug|Any CPU
		{FBD38BF0-FFA3-4822-86AC-EADF2EDE9AB4}.Debug|Any CPU.Build.0 = Debug|Any CPU
		{FBD38BF0-FFA3-4822-86AC-EADF2EDE9AB4}.Release|Any CPU.ActiveCfg = Release|Any CPU
		{FBD38BF0-FFA3-4822-86AC-EADF2EDE9AB4}.Release|Any CPU.Build.0 = Release|Any CPU
		{3C75228A-C2B3-41CA-91FE-685EEB9718EA}.Debug|Any CPU.ActiveCfg = Debug|Any CPU
		{3C75228A-C2B3-41CA-91FE-685EEB9718EA}.Debug|Any CPU.Build.0 = Debug|Any CPU
		{3C75228A-C2B3-41CA-91FE-685EEB9718EA}.Release|Any CPU.ActiveCfg = Release|Any CPU
		{3C75228A-C2B3-41CA-91FE-685EEB9718EA}.Release|Any CPU.Build.0 = Release|Any CPU
	EndGlobalSection
	GlobalSection(SolutionProperties) = preSolution
		HideSolutionNode = FALSE
	EndGlobalSection
	GlobalSection(ExtensibilityGlobals) = postSolution
		SolutionGuid = {6C12DAA9-F2E1-4D7A-AE76-2846FAC445F1}
	EndGlobalSection
EndGlobal
